
Microsoft Visual Studio Solution File, Format Version 12.00
# Visual Studio 15
VisualStudioVersion = 15.0.27428.2037
MinimumVisualStudioVersion = 10.0.40219.1
Project("{FAE04EC0-301F-11D3-BF4B-00C04F79EFBC}") = "BtProxiLockService", "BtProxiLockService\BtProxiLockService.csproj", "{802D88EE-A0F8-43FD-9639-85E4C6E96792}"
EndProject
Project("{9A19103F-16F7-4668-BE54-9A1E7A4F7556}") = "BtProxiLockActors", "BtProxiLockActors\BtProxiLockActors.csproj", "{35D5F9C6-A0A1-4FBF-9FDC-701FA674415B}"
EndProject
Project("{FAE04EC0-301F-11D3-BF4B-00C04F79EFBC}") = "BtProxiLock", "BtProxiLock\BtProxiLock.csproj", "{447CD307-58CB-4B4E-B918-734F5788E499}"
EndProject
Global
	GlobalSection(SolutionConfigurationPlatforms) = preSolution
		Debug|Any CPU = Debug|Any CPU
		Release|Any CPU = Release|Any CPU
	EndGlobalSection
	GlobalSection(ProjectConfigurationPlatforms) = postSolution
		{802D88EE-A0F8-43FD-9639-85E4C6E96792}.Debug|Any CPU.ActiveCfg = Debug|Any CPU
		{802D88EE-A0F8-43FD-9639-85E4C6E96792}.Debug|Any CPU.Build.0 = Debug|Any CPU
		{802D88EE-A0F8-43FD-9639-85E4C6E96792}.Release|Any CPU.ActiveCfg = Release|Any CPU
		{802D88EE-A0F8-43FD-9639-85E4C6E96792}.Release|Any CPU.Build.0 = Release|Any CPU
		{35D5F9C6-A0A1-4FBF-9FDC-701FA674415B}.Debug|Any CPU.ActiveCfg = Debug|Any CPU
		{35D5F9C6-A0A1-4FBF-9FDC-701FA674415B}.Debug|Any CPU.Build.0 = Debug|Any CPU
		{35D5F9C6-A0A1-4FBF-9FDC-701FA674415B}.Release|Any CPU.ActiveCfg = Release|Any CPU
		{35D5F9C6-A0A1-4FBF-9FDC-701FA674415B}.Release|Any CPU.Build.0 = Release|Any CPU
		{447CD307-58CB-4B4E-B918-734F5788E499}.Debug|Any CPU.ActiveCfg = Debug|Any CPU
		{447CD307-58CB-4B4E-B918-734F5788E499}.Debug|Any CPU.Build.0 = Debug|Any CPU
		{447CD307-58CB-4B4E-B918-734F5788E499}.Release|Any CPU.ActiveCfg = Release|Any CPU
		{447CD307-58CB-4B4E-B918-734F5788E499}.Release|Any CPU.Build.0 = Release|Any CPU
	EndGlobalSection
	GlobalSection(SolutionProperties) = preSolution
		HideSolutionNode = FALSE
	EndGlobalSection
	GlobalSection(ExtensibilityGlobals) = postSolution
		SolutionGuid = {685285F8-71EF-4732-8FA8-FB5DA6516EE6}
	EndGlobalSection
EndGlobal
